
Microsoft Visual Studio Solution File, Format Version 12.00
# Visual Studio Version 16
VisualStudioVersion = 16.0.31613.86
MinimumVisualStudioVersion = 10.0.40219.1
Project("{FAE04EC0-301F-11D3-BF4B-00C04F79EFBC}") = "addressbook-web-tests-jk", "addressbook-web-tests-jk\addressbook-web-tests-jk.csproj", "{0464D0FD-791A-42C8-B422-116643288A27}"
EndProject
Global
	GlobalSection(SolutionConfigurationPlatforms) = preSolution
		Debug|Any CPU = Debug|Any CPU
		Release|Any CPU = Release|Any CPU
	EndGlobalSection
	GlobalSection(ProjectConfigurationPlatforms) = postSolution
		{0464D0FD-791A-42C8-B422-116643288A27}.Debug|Any CPU.ActiveCfg = Debug|Any CPU
		{0464D0FD-791A-42C8-B422-116643288A27}.Debug|Any CPU.Build.0 = Debug|Any CPU
		{0464D0FD-791A-42C8-B422-116643288A27}.Release|Any CPU.ActiveCfg = Release|Any CPU
		{0464D0FD-791A-42C8-B422-116643288A27}.Release|Any CPU.Build.0 = Release|Any CPU
	EndGlobalSection
	GlobalSection(SolutionProperties) = preSolution
		HideSolutionNode = FALSE
	EndGlobalSection
	GlobalSection(ExtensibilityGlobals) = postSolution
		SolutionGuid = {464619CF-5E2A-41AC-8256-7FC37723C27F}
	EndGlobalSection
EndGlobal
